// !$*UTF8*$!
{
	archiveVersion = 1;
	classes = {
	};
	objectVersion = 46;
	objects = {

/* Begin PBXBuildFile section */
		30350630CE5E440CA51CE5C8 /* libPods.a in Frameworks */ = {isa = PBXBuildFile; fileRef = 9D0FED0D36AC4CEF84DA2C95 /* libPods.a */; };
		4224D1B916B88101003FFBD2 /* form_divider.png in Resources */ = {isa = PBXBuildFile; fileRef = 4224D1B816B88101003FFBD2 /* form_divider.png */; };
		4224D1BB16B88219003FFBD2 /* appbar.calendar.png in Resources */ = {isa = PBXBuildFile; fileRef = 4224D1BA16B88219003FFBD2 /* appbar.calendar.png */; };
		4224D1E416B882AA003FFBD2 /* appbar.people.status.png in Resources */ = {isa = PBXBuildFile; fileRef = 4224D1E316B882AA003FFBD2 /* appbar.people.status.png */; };
		4224D1E816B886A6003FFBD2 /* appbar.currency.dollar.png in Resources */ = {isa = PBXBuildFile; fileRef = 4224D1E716B886A6003FFBD2 /* appbar.currency.dollar.png */; };
		4224D1EA16B886E3003FFBD2 /* appbar.map.png in Resources */ = {isa = PBXBuildFile; fileRef = 4224D1E916B886E3003FFBD2 /* appbar.map.png */; };
		4224D1EC16B88992003FFBD2 /* appbar.money.png in Resources */ = {isa = PBXBuildFile; fileRef = 4224D1EB16B88992003FFBD2 /* appbar.money.png */; };
		4224D1EE16B8EA2E003FFBD2 /* Main.storyboard in Resources */ = {isa = PBXBuildFile; fileRef = 4224D1ED16B8EA2E003FFBD2 /* Main.storyboard */; };
		4224D1F016B8EE2A003FFBD2 /* appbar.home.png in Resources */ = {isa = PBXBuildFile; fileRef = 4224D1EF16B8EE2A003FFBD2 /* appbar.home.png */; };
		4224D1F316B8F165003FFBD2 /* SponsorListViewController.m in Sources */ = {isa = PBXBuildFile; fileRef = 4224D1F216B8F165003FFBD2 /* SponsorListViewController.m */; };
		4237F94016B79168000EBBC3 /* SenTestingKit.framework in Frameworks */ = {isa = PBXBuildFile; fileRef = 4237F93F16B79168000EBBC3 /* SenTestingKit.framework */; };
		4237F94116B79168000EBBC3 /* UIKit.framework in Frameworks */ = {isa = PBXBuildFile; fileRef = 42B8550E16B7524500AF5F74 /* UIKit.framework */; };
		4237F94216B79168000EBBC3 /* Foundation.framework in Frameworks */ = {isa = PBXBuildFile; fileRef = 42B8551016B7524500AF5F74 /* Foundation.framework */; };
		4237F94816B79168000EBBC3 /* InfoPlist.strings in Resources */ = {isa = PBXBuildFile; fileRef = 4237F94616B79168000EBBC3 /* InfoPlist.strings */; };
		4237F95116B79215000EBBC3 /* FirstSpecs.m in Sources */ = {isa = PBXBuildFile; fileRef = 4237F95016B79215000EBBC3 /* FirstSpecs.m */; };
		4237F95516B79565000EBBC3 /* ApiClient.m in Sources */ = {isa = PBXBuildFile; fileRef = 4237F95416B79565000EBBC3 /* ApiClient.m */; };
		4237F95916B79DF7000EBBC3 /* Sponsor.m in Sources */ = {isa = PBXBuildFile; fileRef = 4237F95816B79DF7000EBBC3 /* Sponsor.m */; };
		4251008E16B8744B00C9DC21 /* HomeViewController.m in Sources */ = {isa = PBXBuildFile; fileRef = 4251008C16B8744B00C9DC21 /* HomeViewController.m */; };
		426AFC8416BB487200F6A7E6 /* SpeakerListViewController.m in Sources */ = {isa = PBXBuildFile; fileRef = 426AFC8316BB487200F6A7E6 /* SpeakerListViewController.m */; };
		426AFC8716BB641600F6A7E6 /* Speaker.m in Sources */ = {isa = PBXBuildFile; fileRef = 426AFC8616BB641600F6A7E6 /* Speaker.m */; };
		426AFC9B16BB971B00F6A7E6 /* avatar.jpg in Resources */ = {isa = PBXBuildFile; fileRef = 426AFC9A16BB971B00F6A7E6 /* avatar.jpg */; };
		42B8550F16B7524500AF5F74 /* UIKit.framework in Frameworks */ = {isa = PBXBuildFile; fileRef = 42B8550E16B7524500AF5F74 /* UIKit.framework */; };
		42B8551116B7524500AF5F74 /* Foundation.framework in Frameworks */ = {isa = PBXBuildFile; fileRef = 42B8551016B7524500AF5F74 /* Foundation.framework */; };
		42B8551316B7524500AF5F74 /* CoreGraphics.framework in Frameworks */ = {isa = PBXBuildFile; fileRef = 42B8551216B7524500AF5F74 /* CoreGraphics.framework */; };
		42B8551916B7524500AF5F74 /* InfoPlist.strings in Resources */ = {isa = PBXBuildFile; fileRef = 42B8551716B7524500AF5F74 /* InfoPlist.strings */; };
		42B8551B16B7524500AF5F74 /* main.m in Sources */ = {isa = PBXBuildFile; fileRef = 42B8551A16B7524500AF5F74 /* main.m */; };
		42B8551F16B7524500AF5F74 /* AppDelegate.m in Sources */ = {isa = PBXBuildFile; fileRef = 42B8551E16B7524500AF5F74 /* AppDelegate.m */; };
		42B8552116B7524500AF5F74 /* Default.png in Resources */ = {isa = PBXBuildFile; fileRef = 42B8552016B7524500AF5F74 /* Default.png */; };
		42B8552316B7524500AF5F74 /* Default@2x.png in Resources */ = {isa = PBXBuildFile; fileRef = 42B8552216B7524500AF5F74 /* Default@2x.png */; };
		42B8552516B7524500AF5F74 /* Default-568h@2x.png in Resources */ = {isa = PBXBuildFile; fileRef = 42B8552416B7524500AF5F74 /* Default-568h@2x.png */; };
		42BC304E16BF463C00BF6FB6 /* SessionViewController.m in Sources */ = {isa = PBXBuildFile; fileRef = 42BC304D16BF463C00BF6FB6 /* SessionViewController.m */; };
		42D41ED316BDFC640055AC0E /* SpeakerViewController.m in Sources */ = {isa = PBXBuildFile; fileRef = 42D41ED216BDFC640055AC0E /* SpeakerViewController.m */; };
		42D41ED616BE35CE0055AC0E /* SessionListViewController.m in Sources */ = {isa = PBXBuildFile; fileRef = 42D41ED516BE35CE0055AC0E /* SessionListViewController.m */; };
		42D41ED916BE40200055AC0E /* Session.m in Sources */ = {isa = PBXBuildFile; fileRef = 42D41ED816BE40200055AC0E /* Session.m */; };
		DCEB27D3231F4754BBF416EC /* libPods-kcdciosSpecs.a in Frameworks */ = {isa = PBXBuildFile; fileRef = CFA1607D62E342F89E1BCE55 /* libPods-kcdciosSpecs.a */; };
/* End PBXBuildFile section */

/* Begin PBXFileReference section */
		4224D1B816B88101003FFBD2 /* form_divider.png */ = {isa = PBXFileReference; lastKnownFileType = image.png; name = form_divider.png; path = kcdcios/Resources/images/form_divider.png; sourceTree = "<group>"; };
		4224D1BA16B88219003FFBD2 /* appbar.calendar.png */ = {isa = PBXFileReference; lastKnownFileType = image.png; name = appbar.calendar.png; path = kcdcios/Resources/images/appbar.calendar.png; sourceTree = "<group>"; };
		4224D1E316B882AA003FFBD2 /* appbar.people.status.png */ = {isa = PBXFileReference; lastKnownFileType = image.png; name = appbar.people.status.png; path = kcdcios/Resources/images/appbar.people.status.png; sourceTree = "<group>"; };
		4224D1E716B886A6003FFBD2 /* appbar.currency.dollar.png */ = {isa = PBXFileReference; lastKnownFileType = image.png; name = appbar.currency.dollar.png; path = kcdcios/Resources/images/appbar.currency.dollar.png; sourceTree = "<group>"; };
		4224D1E916B886E3003FFBD2 /* appbar.map.png */ = {isa = PBXFileReference; lastKnownFileType = image.png; name = appbar.map.png; path = kcdcios/Resources/images/appbar.map.png; sourceTree = "<group>"; };
		4224D1EB16B88992003FFBD2 /* appbar.money.png */ = {isa = PBXFileReference; lastKnownFileType = image.png; name = appbar.money.png; path = kcdcios/Resources/images/appbar.money.png; sourceTree = "<group>"; };
		4224D1ED16B8EA2E003FFBD2 /* Main.storyboard */ = {isa = PBXFileReference; fileEncoding = 4; lastKnownFileType = file.storyboard; path = Main.storyboard; sourceTree = "<group>"; };
		4224D1EF16B8EE2A003FFBD2 /* appbar.home.png */ = {isa = PBXFileReference; lastKnownFileType = image.png; name = appbar.home.png; path = kcdcios/Resources/images/appbar.home.png; sourceTree = "<group>"; };
		4224D1F116B8F165003FFBD2 /* SponsorListViewController.h */ = {isa = PBXFileReference; fileEncoding = 4; lastKnownFileType = sourcecode.c.h; path = SponsorListViewController.h; sourceTree = "<group>"; };
		4224D1F216B8F165003FFBD2 /* SponsorListViewController.m */ = {isa = PBXFileReference; fileEncoding = 4; lastKnownFileType = sourcecode.c.objc; path = SponsorListViewController.m; sourceTree = "<group>"; };
		4237F93E16B79168000EBBC3 /* kcdciosSpecs.octest */ = {isa = PBXFileReference; explicitFileType = wrapper.cfbundle; includeInIndex = 0; path = kcdciosSpecs.octest; sourceTree = BUILT_PRODUCTS_DIR; };
		4237F93F16B79168000EBBC3 /* SenTestingKit.framework */ = {isa = PBXFileReference; lastKnownFileType = wrapper.framework; name = SenTestingKit.framework; path = Library/Frameworks/SenTestingKit.framework; sourceTree = DEVELOPER_DIR; };
		4237F94516B79168000EBBC3 /* kcdciosSpecs-Info.plist */ = {isa = PBXFileReference; lastKnownFileType = text.plist.xml; path = "kcdciosSpecs-Info.plist"; sourceTree = "<group>"; };
		4237F94716B79168000EBBC3 /* en */ = {isa = PBXFileReference; lastKnownFileType = text.plist.strings; name = en; path = en.lproj/InfoPlist.strings; sourceTree = "<group>"; };
		4237F94C16B79168000EBBC3 /* kcdciosSpecs-Prefix.pch */ = {isa = PBXFileReference; lastKnownFileType = sourcecode.c.h; path = "kcdciosSpecs-Prefix.pch"; sourceTree = "<group>"; };
		4237F95016B79215000EBBC3 /* FirstSpecs.m */ = {isa = PBXFileReference; fileEncoding = 4; lastKnownFileType = sourcecode.c.objc; path = FirstSpecs.m; sourceTree = "<group>"; };
		4237F95316B79565000EBBC3 /* ApiClient.h */ = {isa = PBXFileReference; fileEncoding = 4; lastKnownFileType = sourcecode.c.h; name = ApiClient.h; path = Core/ApiClient.h; sourceTree = "<group>"; };
		4237F95416B79565000EBBC3 /* ApiClient.m */ = {isa = PBXFileReference; fileEncoding = 4; lastKnownFileType = sourcecode.c.objc; name = ApiClient.m; path = Core/ApiClient.m; sourceTree = "<group>"; };
		4237F95716B79DF7000EBBC3 /* Sponsor.h */ = {isa = PBXFileReference; fileEncoding = 4; lastKnownFileType = sourcecode.c.h; name = Sponsor.h; path = Core/Models/Sponsor.h; sourceTree = "<group>"; };
		4237F95816B79DF7000EBBC3 /* Sponsor.m */ = {isa = PBXFileReference; fileEncoding = 4; lastKnownFileType = sourcecode.c.objc; name = Sponsor.m; path = Core/Models/Sponsor.m; sourceTree = "<group>"; };
		4251008B16B8744B00C9DC21 /* HomeViewController.h */ = {isa = PBXFileReference; fileEncoding = 4; lastKnownFileType = sourcecode.c.h; path = HomeViewController.h; sourceTree = "<group>"; };
		4251008C16B8744B00C9DC21 /* HomeViewController.m */ = {isa = PBXFileReference; fileEncoding = 4; lastKnownFileType = sourcecode.c.objc; path = HomeViewController.m; sourceTree = "<group>"; };
		426AFC8216BB487200F6A7E6 /* SpeakerListViewController.h */ = {isa = PBXFileReference; fileEncoding = 4; lastKnownFileType = sourcecode.c.h; path = SpeakerListViewController.h; sourceTree = "<group>"; };
		426AFC8316BB487200F6A7E6 /* SpeakerListViewController.m */ = {isa = PBXFileReference; fileEncoding = 4; lastKnownFileType = sourcecode.c.objc; path = SpeakerListViewController.m; sourceTree = "<group>"; };
		426AFC8516BB641600F6A7E6 /* Speaker.h */ = {isa = PBXFileReference; fileEncoding = 4; lastKnownFileType = sourcecode.c.h; name = Speaker.h; path = Core/Models/Speaker.h; sourceTree = "<group>"; };
		426AFC8616BB641600F6A7E6 /* Speaker.m */ = {isa = PBXFileReference; fileEncoding = 4; lastKnownFileType = sourcecode.c.objc; name = Speaker.m; path = Core/Models/Speaker.m; sourceTree = "<group>"; };
		426AFC9A16BB971B00F6A7E6 /* avatar.jpg */ = {isa = PBXFileReference; lastKnownFileType = image.jpeg; name = avatar.jpg; path = kcdcios/Resources/images/avatar.jpg; sourceTree = "<group>"; };
		42B8550A16B7524500AF5F74 /* kcdcios.app */ = {isa = PBXFileReference; explicitFileType = wrapper.application; includeInIndex = 0; path = kcdcios.app; sourceTree = BUILT_PRODUCTS_DIR; };
		42B8550E16B7524500AF5F74 /* UIKit.framework */ = {isa = PBXFileReference; lastKnownFileType = wrapper.framework; name = UIKit.framework; path = System/Library/Frameworks/UIKit.framework; sourceTree = SDKROOT; };
		42B8551016B7524500AF5F74 /* Foundation.framework */ = {isa = PBXFileReference; lastKnownFileType = wrapper.framework; name = Foundation.framework; path = System/Library/Frameworks/Foundation.framework; sourceTree = SDKROOT; };
		42B8551216B7524500AF5F74 /* CoreGraphics.framework */ = {isa = PBXFileReference; lastKnownFileType = wrapper.framework; name = CoreGraphics.framework; path = System/Library/Frameworks/CoreGraphics.framework; sourceTree = SDKROOT; };
		42B8551616B7524500AF5F74 /* kcdcios-Info.plist */ = {isa = PBXFileReference; lastKnownFileType = text.plist.xml; path = "kcdcios-Info.plist"; sourceTree = "<group>"; };
		42B8551816B7524500AF5F74 /* en */ = {isa = PBXFileReference; lastKnownFileType = text.plist.strings; name = en; path = en.lproj/InfoPlist.strings; sourceTree = "<group>"; };
		42B8551A16B7524500AF5F74 /* main.m */ = {isa = PBXFileReference; lastKnownFileType = sourcecode.c.objc; path = main.m; sourceTree = "<group>"; };
		42B8551C16B7524500AF5F74 /* kcdcios-Prefix.pch */ = {isa = PBXFileReference; lastKnownFileType = sourcecode.c.h; path = "kcdcios-Prefix.pch"; sourceTree = "<group>"; };
		42B8551D16B7524500AF5F74 /* AppDelegate.h */ = {isa = PBXFileReference; lastKnownFileType = sourcecode.c.h; path = AppDelegate.h; sourceTree = "<group>"; };
		42B8551E16B7524500AF5F74 /* AppDelegate.m */ = {isa = PBXFileReference; lastKnownFileType = sourcecode.c.objc; path = AppDelegate.m; sourceTree = "<group>"; };
		42B8552016B7524500AF5F74 /* Default.png */ = {isa = PBXFileReference; lastKnownFileType = image.png; path = Default.png; sourceTree = "<group>"; };
		42B8552216B7524500AF5F74 /* Default@2x.png */ = {isa = PBXFileReference; lastKnownFileType = image.png; path = "Default@2x.png"; sourceTree = "<group>"; };
		42B8552416B7524500AF5F74 /* Default-568h@2x.png */ = {isa = PBXFileReference; lastKnownFileType = image.png; path = "Default-568h@2x.png"; sourceTree = "<group>"; };
		42BC304C16BF463C00BF6FB6 /* SessionViewController.h */ = {isa = PBXFileReference; fileEncoding = 4; lastKnownFileType = sourcecode.c.h; path = SessionViewController.h; sourceTree = "<group>"; };
		42BC304D16BF463C00BF6FB6 /* SessionViewController.m */ = {isa = PBXFileReference; fileEncoding = 4; lastKnownFileType = sourcecode.c.objc; path = SessionViewController.m; sourceTree = "<group>"; };
		42D41ED116BDFC640055AC0E /* SpeakerViewController.h */ = {isa = PBXFileReference; fileEncoding = 4; lastKnownFileType = sourcecode.c.h; path = SpeakerViewController.h; sourceTree = "<group>"; };
		42D41ED216BDFC640055AC0E /* SpeakerViewController.m */ = {isa = PBXFileReference; fileEncoding = 4; lastKnownFileType = sourcecode.c.objc; path = SpeakerViewController.m; sourceTree = "<group>"; };
		42D41ED416BE35CE0055AC0E /* SessionListViewController.h */ = {isa = PBXFileReference; fileEncoding = 4; lastKnownFileType = sourcecode.c.h; path = SessionListViewController.h; sourceTree = "<group>"; };
		42D41ED516BE35CE0055AC0E /* SessionListViewController.m */ = {isa = PBXFileReference; fileEncoding = 4; lastKnownFileType = sourcecode.c.objc; path = SessionListViewController.m; sourceTree = "<group>"; };
		42D41ED716BE40200055AC0E /* Session.h */ = {isa = PBXFileReference; fileEncoding = 4; lastKnownFileType = sourcecode.c.h; name = Session.h; path = Core/Models/Session.h; sourceTree = "<group>"; };
		42D41ED816BE40200055AC0E /* Session.m */ = {isa = PBXFileReference; fileEncoding = 4; lastKnownFileType = sourcecode.c.objc; name = Session.m; path = Core/Models/Session.m; sourceTree = "<group>"; };
		5662B13A34F543AE9D3C74EC /* Pods.xcconfig */ = {isa = PBXFileReference; includeInIndex = 1; lastKnownFileType = text.xcconfig; name = Pods.xcconfig; path = Pods/Pods.xcconfig; sourceTree = SOURCE_ROOT; };
		8D9CD02AAC0F4392B3A2487A /* Pods-kcdciosSpecs.xcconfig */ = {isa = PBXFileReference; includeInIndex = 1; lastKnownFileType = text.xcconfig; name = "Pods-kcdciosSpecs.xcconfig"; path = "Pods/Pods-kcdciosSpecs.xcconfig"; sourceTree = SOURCE_ROOT; };
		9D0FED0D36AC4CEF84DA2C95 /* libPods.a */ = {isa = PBXFileReference; explicitFileType = archive.ar; includeInIndex = 0; path = libPods.a; sourceTree = BUILT_PRODUCTS_DIR; };
		CFA1607D62E342F89E1BCE55 /* libPods-kcdciosSpecs.a */ = {isa = PBXFileReference; explicitFileType = archive.ar; includeInIndex = 0; path = "libPods-kcdciosSpecs.a"; sourceTree = BUILT_PRODUCTS_DIR; };
/* End PBXFileReference section */

/* Begin PBXFrameworksBuildPhase section */
		4237F93A16B79168000EBBC3 /* Frameworks */ = {
			isa = PBXFrameworksBuildPhase;
			buildActionMask = 2147483647;
			files = (
				4237F94016B79168000EBBC3 /* SenTestingKit.framework in Frameworks */,
				4237F94116B79168000EBBC3 /* UIKit.framework in Frameworks */,
				4237F94216B79168000EBBC3 /* Foundation.framework in Frameworks */,
				DCEB27D3231F4754BBF416EC /* libPods-kcdciosSpecs.a in Frameworks */,
			);
			runOnlyForDeploymentPostprocessing = 0;
		};
		42B8550716B7524500AF5F74 /* Frameworks */ = {
			isa = PBXFrameworksBuildPhase;
			buildActionMask = 2147483647;
			files = (
				42B8550F16B7524500AF5F74 /* UIKit.framework in Frameworks */,
				42B8551116B7524500AF5F74 /* Foundation.framework in Frameworks */,
				42B8551316B7524500AF5F74 /* CoreGraphics.framework in Frameworks */,
				30350630CE5E440CA51CE5C8 /* libPods.a in Frameworks */,
			);
			runOnlyForDeploymentPostprocessing = 0;
		};
/* End PBXFrameworksBuildPhase section */

/* Begin PBXGroup section */
		4224D1B416B87F1A003FFBD2 /* Resources */ = {
			isa = PBXGroup;
			children = (
				4224D1B716B880A7003FFBD2 /* images */,
			);
			name = Resources;
			sourceTree = "<group>";
		};
		4224D1B716B880A7003FFBD2 /* images */ = {
			isa = PBXGroup;
			children = (
				426AFC9A16BB971B00F6A7E6 /* avatar.jpg */,
				4224D1EF16B8EE2A003FFBD2 /* appbar.home.png */,
				4224D1EB16B88992003FFBD2 /* appbar.money.png */,
				4224D1E916B886E3003FFBD2 /* appbar.map.png */,
				4224D1E716B886A6003FFBD2 /* appbar.currency.dollar.png */,
				4224D1E316B882AA003FFBD2 /* appbar.people.status.png */,
				4224D1BA16B88219003FFBD2 /* appbar.calendar.png */,
				4224D1B816B88101003FFBD2 /* form_divider.png */,
			);
			name = images;
			sourceTree = "<group>";
		};
		4237F94316B79168000EBBC3 /* kcdciosSpecs */ = {
			isa = PBXGroup;
			children = (
				4237F94416B79168000EBBC3 /* Supporting Files */,
				4237F95016B79215000EBBC3 /* FirstSpecs.m */,
			);
			path = kcdciosSpecs;
			sourceTree = "<group>";
		};
		4237F94416B79168000EBBC3 /* Supporting Files */ = {
			isa = PBXGroup;
			children = (
				4237F94516B79168000EBBC3 /* kcdciosSpecs-Info.plist */,
				4237F94616B79168000EBBC3 /* InfoPlist.strings */,
				4237F94C16B79168000EBBC3 /* kcdciosSpecs-Prefix.pch */,
			);
			name = "Supporting Files";
			sourceTree = "<group>";
		};
		4237F95216B79525000EBBC3 /* Core */ = {
			isa = PBXGroup;
			children = (
				4237F95616B79DD3000EBBC3 /* Models */,
				4237F95316B79565000EBBC3 /* ApiClient.h */,
				4237F95416B79565000EBBC3 /* ApiClient.m */,
			);
			name = Core;
			sourceTree = "<group>";
		};
		4237F95616B79DD3000EBBC3 /* Models */ = {
			isa = PBXGroup;
			children = (
				4237F95716B79DF7000EBBC3 /* Sponsor.h */,
				4237F95816B79DF7000EBBC3 /* Sponsor.m */,
				426AFC8516BB641600F6A7E6 /* Speaker.h */,
				426AFC8616BB641600F6A7E6 /* Speaker.m */,
				42D41ED716BE40200055AC0E /* Session.h */,
				42D41ED816BE40200055AC0E /* Session.m */,
			);
			name = Models;
			sourceTree = "<group>";
		};
		4251009016B8746800C9DC21 /* ViewControllers */ = {
			isa = PBXGroup;
			children = (
				4251008B16B8744B00C9DC21 /* HomeViewController.h */,
				4251008C16B8744B00C9DC21 /* HomeViewController.m */,
				4224D1F116B8F165003FFBD2 /* SponsorListViewController.h */,
				4224D1F216B8F165003FFBD2 /* SponsorListViewController.m */,
				426AFC8216BB487200F6A7E6 /* SpeakerListViewController.h */,
				426AFC8316BB487200F6A7E6 /* SpeakerListViewController.m */,
				42D41ED116BDFC640055AC0E /* SpeakerViewController.h */,
				42D41ED216BDFC640055AC0E /* SpeakerViewController.m */,
				42D41ED416BE35CE0055AC0E /* SessionListViewController.h */,
				42D41ED516BE35CE0055AC0E /* SessionListViewController.m */,
				42BC304C16BF463C00BF6FB6 /* SessionViewController.h */,
				42BC304D16BF463C00BF6FB6 /* SessionViewController.m */,
			);
			name = ViewControllers;
			sourceTree = "<group>";
		};
		4251009116B8747C00C9DC21 /* Views */ = {
			isa = PBXGroup;
			children = (
			);
			name = Views;
			sourceTree = "<group>";
		};
		42B854FF16B7524500AF5F74 = {
			isa = PBXGroup;
			children = (
				4224D1B416B87F1A003FFBD2 /* Resources */,
				42B8551416B7524500AF5F74 /* kcdcios */,
				4237F94316B79168000EBBC3 /* kcdciosSpecs */,
				42B8550D16B7524500AF5F74 /* Frameworks */,
				42B8550B16B7524500AF5F74 /* Products */,
				5662B13A34F543AE9D3C74EC /* Pods.xcconfig */,
				8D9CD02AAC0F4392B3A2487A /* Pods-kcdciosSpecs.xcconfig */,
			);
			sourceTree = "<group>";
		};
		42B8550B16B7524500AF5F74 /* Products */ = {
			isa = PBXGroup;
			children = (
				42B8550A16B7524500AF5F74 /* kcdcios.app */,
				4237F93E16B79168000EBBC3 /* kcdciosSpecs.octest */,
			);
			name = Products;
			sourceTree = "<group>";
		};
		42B8550D16B7524500AF5F74 /* Frameworks */ = {
			isa = PBXGroup;
			children = (
				42B8550E16B7524500AF5F74 /* UIKit.framework */,
				42B8551016B7524500AF5F74 /* Foundation.framework */,
				42B8551216B7524500AF5F74 /* CoreGraphics.framework */,
				9D0FED0D36AC4CEF84DA2C95 /* libPods.a */,
				4237F93F16B79168000EBBC3 /* SenTestingKit.framework */,
				CFA1607D62E342F89E1BCE55 /* libPods-kcdciosSpecs.a */,
			);
			name = Frameworks;
			sourceTree = "<group>";
		};
		42B8551416B7524500AF5F74 /* kcdcios */ = {
			isa = PBXGroup;
			children = (
				42B8551D16B7524500AF5F74 /* AppDelegate.h */,
				42B8551E16B7524500AF5F74 /* AppDelegate.m */,
				4237F95216B79525000EBBC3 /* Core */,
				4224D1ED16B8EA2E003FFBD2 /* Main.storyboard */,
				42B8551516B7524500AF5F74 /* Supporting Files */,
				4251009016B8746800C9DC21 /* ViewControllers */,
				4251009116B8747C00C9DC21 /* Views */,
			);
			path = kcdcios;
			sourceTree = "<group>";
		};
		42B8551516B7524500AF5F74 /* Supporting Files */ = {
			isa = PBXGroup;
			children = (
				42B8551616B7524500AF5F74 /* kcdcios-Info.plist */,
				42B8551716B7524500AF5F74 /* InfoPlist.strings */,
				42B8551A16B7524500AF5F74 /* main.m */,
				42B8551C16B7524500AF5F74 /* kcdcios-Prefix.pch */,
				42B8552016B7524500AF5F74 /* Default.png */,
				42B8552216B7524500AF5F74 /* Default@2x.png */,
				42B8552416B7524500AF5F74 /* Default-568h@2x.png */,
			);
			name = "Supporting Files";
			sourceTree = "<group>";
		};
/* End PBXGroup section */

/* Begin PBXNativeTarget section */
		4237F93D16B79168000EBBC3 /* kcdciosSpecs */ = {
			isa = PBXNativeTarget;
			buildConfigurationList = 4237F94F16B79168000EBBC3 /* Build configuration list for PBXNativeTarget "kcdciosSpecs" */;
			buildPhases = (
				4237F93916B79168000EBBC3 /* Sources */,
				4237F93A16B79168000EBBC3 /* Frameworks */,
				4237F93B16B79168000EBBC3 /* Resources */,
				4237F93C16B79168000EBBC3 /* ShellScript */,
				90B0B3BC08644FC689BFCDCA /* Copy Pods Resources */,
			);
			buildRules = (
			);
			dependencies = (
			);
			name = kcdciosSpecs;
			productName = kcdciosSpecs;
			productReference = 4237F93E16B79168000EBBC3 /* kcdciosSpecs.octest */;
			productType = "com.apple.product-type.bundle";
		};
		42B8550916B7524500AF5F74 /* kcdcios */ = {
			isa = PBXNativeTarget;
			buildConfigurationList = 42B8552E16B7524500AF5F74 /* Build configuration list for PBXNativeTarget "kcdcios" */;
			buildPhases = (
				42B8550616B7524500AF5F74 /* Sources */,
				42B8550716B7524500AF5F74 /* Frameworks */,
				42B8550816B7524500AF5F74 /* Resources */,
				25B3BE4E2B1D417CB53B06F0 /* Copy Pods Resources */,
			);
			buildRules = (
			);
			dependencies = (
			);
			name = kcdcios;
			productName = kcdcios;
			productReference = 42B8550A16B7524500AF5F74 /* kcdcios.app */;
			productType = "com.apple.product-type.application";
		};
/* End PBXNativeTarget section */

/* Begin PBXProject section */
		42B8550116B7524500AF5F74 /* Project object */ = {
			isa = PBXProject;
			attributes = {
				LastUpgradeCheck = 0450;
				ORGANIZATIONNAME = "Lee Brandt";
			};
			buildConfigurationList = 42B8550416B7524500AF5F74 /* Build configuration list for PBXProject "kcdcios" */;
			compatibilityVersion = "Xcode 3.2";
			developmentRegion = English;
			hasScannedForEncodings = 0;
			knownRegions = (
				en,
			);
			mainGroup = 42B854FF16B7524500AF5F74;
			productRefGroup = 42B8550B16B7524500AF5F74 /* Products */;
			projectDirPath = "";
			projectRoot = "";
			targets = (
				42B8550916B7524500AF5F74 /* kcdcios */,
				4237F93D16B79168000EBBC3 /* kcdciosSpecs */,
			);
		};
/* End PBXProject section */

/* Begin PBXResourcesBuildPhase section */
		4237F93B16B79168000EBBC3 /* Resources */ = {
			isa = PBXResourcesBuildPhase;
			buildActionMask = 2147483647;
			files = (
				4237F94816B79168000EBBC3 /* InfoPlist.strings in Resources */,
			);
			runOnlyForDeploymentPostprocessing = 0;
		};
		42B8550816B7524500AF5F74 /* Resources */ = {
			isa = PBXResourcesBuildPhase;
			buildActionMask = 2147483647;
			files = (
				42B8551916B7524500AF5F74 /* InfoPlist.strings in Resources */,
				42B8552116B7524500AF5F74 /* Default.png in Resources */,
				42B8552316B7524500AF5F74 /* Default@2x.png in Resources */,
				42B8552516B7524500AF5F74 /* Default-568h@2x.png in Resources */,
				4224D1B916B88101003FFBD2 /* form_divider.png in Resources */,
				4224D1BB16B88219003FFBD2 /* appbar.calendar.png in Resources */,
				4224D1E416B882AA003FFBD2 /* appbar.people.status.png in Resources */,
				4224D1E816B886A6003FFBD2 /* appbar.currency.dollar.png in Resources */,
				4224D1EA16B886E3003FFBD2 /* appbar.map.png in Resources */,
				4224D1EC16B88992003FFBD2 /* appbar.money.png in Resources */,
				4224D1EE16B8EA2E003FFBD2 /* Main.storyboard in Resources */,
				4224D1F016B8EE2A003FFBD2 /* appbar.home.png in Resources */,
				426AFC9B16BB971B00F6A7E6 /* avatar.jpg in Resources */,
			);
			runOnlyForDeploymentPostprocessing = 0;
		};
/* End PBXResourcesBuildPhase section */

/* Begin PBXShellScriptBuildPhase section */
		25B3BE4E2B1D417CB53B06F0 /* Copy Pods Resources */ = {
			isa = PBXShellScriptBuildPhase;
			buildActionMask = 2147483647;
			files = (
			);
			inputPaths = (
			);
			name = "Copy Pods Resources";
			outputPaths = (
			);
			runOnlyForDeploymentPostprocessing = 0;
			shellPath = /bin/sh;
			shellScript = "\"${SRCROOT}/Pods/Pods-resources.sh\"\n";
		};
		4237F93C16B79168000EBBC3 /* ShellScript */ = {
			isa = PBXShellScriptBuildPhase;
			buildActionMask = 2147483647;
			files = (
			);
			inputPaths = (
			);
			outputPaths = (
			);
			runOnlyForDeploymentPostprocessing = 0;
			shellPath = /bin/sh;
			shellScript = "# Run the unit tests in this test bundle.\n\"${SYSTEM_DEVELOPER_DIR}/Tools/RunUnitTests\"\n";
		};
		90B0B3BC08644FC689BFCDCA /* Copy Pods Resources */ = {
			isa = PBXShellScriptBuildPhase;
			buildActionMask = 2147483647;
			files = (
			);
			inputPaths = (
			);
			name = "Copy Pods Resources";
			outputPaths = (
			);
			runOnlyForDeploymentPostprocessing = 0;
			shellPath = /bin/sh;
			shellScript = "\"${SRCROOT}/Pods/Pods-kcdciosSpecs-resources.sh\"\n";
		};
/* End PBXShellScriptBuildPhase section */

/* Begin PBXSourcesBuildPhase section */
		4237F93916B79168000EBBC3 /* Sources */ = {
			isa = PBXSourcesBuildPhase;
			buildActionMask = 2147483647;
			files = (
				4237F95116B79215000EBBC3 /* FirstSpecs.m in Sources */,
			);
			runOnlyForDeploymentPostprocessing = 0;
		};
		42B8550616B7524500AF5F74 /* Sources */ = {
			isa = PBXSourcesBuildPhase;
			buildActionMask = 2147483647;
			files = (
				42B8551B16B7524500AF5F74 /* main.m in Sources */,
				42B8551F16B7524500AF5F74 /* AppDelegate.m in Sources */,
				4237F95516B79565000EBBC3 /* ApiClient.m in Sources */,
				4237F95916B79DF7000EBBC3 /* Sponsor.m in Sources */,
				4251008E16B8744B00C9DC21 /* HomeViewController.m in Sources */,
				4224D1F316B8F165003FFBD2 /* SponsorListViewController.m in Sources */,
				426AFC8416BB487200F6A7E6 /* SpeakerListViewController.m in Sources */,
				426AFC8716BB641600F6A7E6 /* Speaker.m in Sources */,
				42D41ED316BDFC640055AC0E /* SpeakerViewController.m in Sources */,
				42D41ED616BE35CE0055AC0E /* SessionListViewController.m in Sources */,
				42D41ED916BE40200055AC0E /* Session.m in Sources */,
				42BC304E16BF463C00BF6FB6 /* SessionViewController.m in Sources */,
			);
			runOnlyForDeploymentPostprocessing = 0;
		};
/* End PBXSourcesBuildPhase section */

/* Begin PBXVariantGroup section */
		4237F94616B79168000EBBC3 /* InfoPlist.strings */ = {
			isa = PBXVariantGroup;
			children = (
				4237F94716B79168000EBBC3 /* en */,
			);
			name = InfoPlist.strings;
			sourceTree = "<group>";
		};
		42B8551716B7524500AF5F74 /* InfoPlist.strings */ = {
			isa = PBXVariantGroup;
			children = (
				42B8551816B7524500AF5F74 /* en */,
			);
			name = InfoPlist.strings;
			sourceTree = "<group>";
		};
/* End PBXVariantGroup section */

/* Begin XCBuildConfiguration section */
		4237F94D16B79168000EBBC3 /* Debug */ = {
			isa = XCBuildConfiguration;
			baseConfigurationReference = 8D9CD02AAC0F4392B3A2487A /* Pods-kcdciosSpecs.xcconfig */;
			buildSettings = {
				CLANG_WARN_CONSTANT_CONVERSION = YES;
				CLANG_WARN_ENUM_CONVERSION = YES;
				CLANG_WARN_INT_CONVERSION = YES;
				FRAMEWORK_SEARCH_PATHS = (
					"\"$(SDKROOT)/Developer/Library/Frameworks\"",
					"\"$(DEVELOPER_LIBRARY_DIR)/Frameworks\"",
				);
				GCC_PRECOMPILE_PREFIX_HEADER = YES;
				GCC_PREFIX_HEADER = "kcdciosSpecs/kcdciosSpecs-Prefix.pch";
				INFOPLIST_FILE = "kcdciosSpecs/kcdciosSpecs-Info.plist";
				IPHONEOS_DEPLOYMENT_TARGET = 6.1;
				PRODUCT_NAME = "$(TARGET_NAME)";
				WRAPPER_EXTENSION = octest;
			};
			name = Debug;
		};
		4237F94E16B79168000EBBC3 /* Release */ = {
			isa = XCBuildConfiguration;
			baseConfigurationReference = 8D9CD02AAC0F4392B3A2487A /* Pods-kcdciosSpecs.xcconfig */;
			buildSettings = {
				CLANG_WARN_CONSTANT_CONVERSION = YES;
				CLANG_WARN_ENUM_CONVERSION = YES;
				CLANG_WARN_INT_CONVERSION = YES;
				FRAMEWORK_SEARCH_PATHS = (
					"\"$(SDKROOT)/Developer/Library/Frameworks\"",
					"\"$(DEVELOPER_LIBRARY_DIR)/Frameworks\"",
				);
				GCC_PRECOMPILE_PREFIX_HEADER = YES;
				GCC_PREFIX_HEADER = "kcdciosSpecs/kcdciosSpecs-Prefix.pch";
				INFOPLIST_FILE = "kcdciosSpecs/kcdciosSpecs-Info.plist";
				IPHONEOS_DEPLOYMENT_TARGET = 6.1;
				PRODUCT_NAME = "$(TARGET_NAME)";
				WRAPPER_EXTENSION = octest;
			};
			name = Release;
		};
		42B8552C16B7524500AF5F74 /* Debug */ = {
			isa = XCBuildConfiguration;
			buildSettings = {
				ALWAYS_SEARCH_USER_PATHS = NO;
				CLANG_CXX_LANGUAGE_STANDARD = "gnu++0x";
				CLANG_CXX_LIBRARY = "libc++";
				CLANG_ENABLE_OBJC_ARC = YES;
				CLANG_WARN_EMPTY_BODY = YES;
				CLANG_WARN__DUPLICATE_METHOD_MATCH = YES;
				"CODE_SIGN_IDENTITY[sdk=iphoneos*]" = "iPhone Developer";
				COPY_PHASE_STRIP = NO;
				GCC_C_LANGUAGE_STANDARD = gnu99;
				GCC_DYNAMIC_NO_PIC = NO;
				GCC_OPTIMIZATION_LEVEL = 0;
				GCC_PREPROCESSOR_DEFINITIONS = (
					"DEBUG=1",
					"$(inherited)",
				);
				GCC_SYMBOLS_PRIVATE_EXTERN = NO;
				GCC_WARN_ABOUT_RETURN_TYPE = YES;
				GCC_WARN_UNINITIALIZED_AUTOS = YES;
				GCC_WARN_UNUSED_VARIABLE = YES;
				IPHONEOS_DEPLOYMENT_TARGET = 6.0;
				ONLY_ACTIVE_ARCH = YES;
				SDKROOT = iphoneos;
			};
			name = Debug;
		};
		42B8552D16B7524500AF5F74 /* Release */ = {
			isa = XCBuildConfiguration;
			buildSettings = {
				ALWAYS_SEARCH_USER_PATHS = NO;
				CLANG_CXX_LANGUAGE_STANDARD = "gnu++0x";
				CLANG_CXX_LIBRARY = "libc++";
				CLANG_ENABLE_OBJC_ARC = YES;
				CLANG_WARN_EMPTY_BODY = YES;
				CLANG_WARN__DUPLICATE_METHOD_MATCH = YES;
				"CODE_SIGN_IDENTITY[sdk=iphoneos*]" = "iPhone Developer";
				COPY_PHASE_STRIP = YES;
				GCC_C_LANGUAGE_STANDARD = gnu99;
				GCC_WARN_ABOUT_RETURN_TYPE = YES;
				GCC_WARN_UNINITIALIZED_AUTOS = YES;
				GCC_WARN_UNUSED_VARIABLE = YES;
				IPHONEOS_DEPLOYMENT_TARGET = 6.0;
				OTHER_CFLAGS = "-DNS_BLOCK_ASSERTIONS=1";
				SDKROOT = iphoneos;
				VALIDATE_PRODUCT = YES;
			};
			name = Release;
		};
		42B8552F16B7524500AF5F74 /* Debug */ = {
			isa = XCBuildConfiguration;
			baseConfigurationReference = 5662B13A34F543AE9D3C74EC /* Pods.xcconfig */;
			buildSettings = {
				GCC_PRECOMPILE_PREFIX_HEADER = YES;
				GCC_PREFIX_HEADER = "kcdcios/kcdcios-Prefix.pch";
				INFOPLIST_FILE = "kcdcios/kcdcios-Info.plist";
				LIBRARY_SEARCH_PATHS = (
					"$(inherited)",
					"$(FRANK_LIBRARY_SEARCH_PATHS)",
				);
				OTHER_LDFLAGS = (
					"$(inherited)",
					"$(FRANK_LDFLAGS)",
				);
				PRODUCT_NAME = "$(TARGET_NAME)";
				WRAPPER_EXTENSION = app;
			};
			name = Debug;
		};
		42B8553016B7524500AF5F74 /* Release */ = {
			isa = XCBuildConfiguration;
			baseConfigurationReference = 5662B13A34F543AE9D3C74EC /* Pods.xcconfig */;
			buildSettings = {
				GCC_PRECOMPILE_PREFIX_HEADER = YES;
				GCC_PREFIX_HEADER = "kcdcios/kcdcios-Prefix.pch";
				INFOPLIST_FILE = "kcdcios/kcdcios-Info.plist";
				PRODUCT_NAME = "$(TARGET_NAME)";
				WRAPPER_EXTENSION = app;
			};
			name = Release;
		};
/* End XCBuildConfiguration section */

/* Begin XCConfigurationList section */
		4237F94F16B79168000EBBC3 /* Build configuration list for PBXNativeTarget "kcdciosSpecs" */ = {
			isa = XCConfigurationList;
			buildConfigurations = (
				4237F94D16B79168000EBBC3 /* Debug */,
				4237F94E16B79168000EBBC3 /* Release */,
			);
			defaultConfigurationIsVisible = 0;
			defaultConfigurationName = Release;
		};
		42B8550416B7524500AF5F74 /* Build configuration list for PBXProject "kcdcios" */ = {
			isa = XCConfigurationList;
			buildConfigurations = (
				42B8552C16B7524500AF5F74 /* Debug */,
				42B8552D16B7524500AF5F74 /* Release */,
			);
			defaultConfigurationIsVisible = 0;
			defaultConfigurationName = Release;
		};
		42B8552E16B7524500AF5F74 /* Build configuration list for PBXNativeTarget "kcdcios" */ = {
			isa = XCConfigurationList;
			buildConfigurations = (
				42B8552F16B7524500AF5F74 /* Debug */,
				42B8553016B7524500AF5F74 /* Release */,
			);
			defaultConfigurationIsVisible = 0;
			defaultConfigurationName = Release;
		};
/* End XCConfigurationList section */
	};
	rootObject = 42B8550116B7524500AF5F74 /* Project object */;
}
